lockfileVersion: 5.4

importers:

  .:
    specifiers:
      '@commitlint/config-conventional': ^17.0.2
      '@switchboard-xyz/eslint-config': latest
      commitlint: ^17.4.2
    devDependencies:
      '@commitlint/config-conventional': 17.4.4
      '@switchboard-xyz/eslint-config': 0.1.8
      commitlint: 17.4.4

  javascript/aptos.js:
    specifiers:
      '@switchboard-xyz/common': ^2.1.33
      '@switchboard-xyz/eslint-config': latest
      '@types/big.js': ^6.1.6
      '@types/bn.js': ^5.1.0
      '@types/mocha': ^10.0.1
      '@types/node': ^18.6.4
      '@types/node-fetch': ^2.6.2
      '@types/yargs': ^17.0.11
      aptos: ^1.6.0
      big.js: ^6.2.1
      bn.js: ^5.2.1
      chalk: ^5.0.1
      eslint: ^8.35.0
      gts: ^3.1.1
      js-sha3: ^0.8.0
      mocha: ^10.2.0
      node-fetch: ^2.1.6
      shx: ^0.3.4
      ts-mocha: ^10.0.0
      ts-node: ^10.9.1
      typescript: ^4.7.4
      yaml: ^2.1.1
      yargs: ^17.5.1
    dependencies:
      '@switchboard-xyz/common': 2.1.33
      aptos: 1.6.0
      big.js: 6.2.1
      bn.js: 5.2.1
      chalk: 5.0.1
      js-sha3: 0.8.0
      node-fetch: 2.6.9
    devDependencies:
      '@switchboard-xyz/eslint-config': 0.1.8
      '@types/big.js': 6.1.6
      '@types/bn.js': 5.1.1
      '@types/mocha': 10.0.1
      '@types/node': 18.6.4
      '@types/node-fetch': 2.6.2
      '@types/yargs': 17.0.11
      eslint: 8.35.0
      gts: 3.1.1_typescript@4.7.4
      mocha: 10.2.0
      shx: 0.3.4
      ts-mocha: 10.0.0_mocha@10.2.0
      ts-node: 10.9.1_hn66opzbaneygq52jmwjxha6su
      typescript: 4.7.4
      yaml: 2.2.1
      yargs: 17.5.1

  javascript/example-feed-creation:
    specifiers:
      '@switchboard-xyz/aptos.js': ../aptos.js
      '@types/big.js': ^6.1.6
      '@types/node': ^18.8.2
      aptos: 1.3.14
      big.js: ^6.2.1
      rimraf: ^3.0.2
      ts-node: ^10.9.1
      typescript: ^4.8.4
    dependencies:
      '@switchboard-xyz/aptos.js': link:../aptos.js
      aptos: 1.3.14
      big.js: 6.2.1
    devDependencies:
      '@types/big.js': 6.1.6
      '@types/node': 18.14.6
      rimraf: 3.0.2
      ts-node: 10.9.1_alpjt73dvgv6kni625hu7f2l4m
      typescript: 4.9.5

  javascript/example-infra-feed-creation:
    specifiers:
      '@switchboard-xyz/aptos.js': ../aptos.js
      '@types/big.js': ^6.1.6
      '@types/node': ^18.8.2
      aptos: 1.3.14
      big.js: ^6.2.1
      rimraf: ^3.0.2
      ts-node: ^10.9.1
      typescript: ^4.8.4
    dependencies:
      '@switchboard-xyz/aptos.js': link:../aptos.js
      aptos: 1.3.14
      big.js: 6.2.1
    devDependencies:
      '@types/big.js': 6.1.6
      '@types/node': 18.14.6
      rimraf: 3.0.2
      ts-node: 10.9.1_alpjt73dvgv6kni625hu7f2l4m
      typescript: 4.9.5

packages:

  /@babel/code-frame/7.12.11:
    resolution: {integrity: sha512-Zt1yodBx1UcyiePMSkWnU4hPqhwq7hGi2nFL1LeA3EUl+q2LQx16MISgJ0+z7dnmgvP9QtIleuETGOiOH1RcIw==}
    dependencies:
      '@babel/highlight': 7.18.6
    dev: true

  /@babel/code-frame/7.18.6:
    resolution: {integrity: sha512-TDCmlK5eOvH+eH7cdAFlNXeVJqWIQ7gW9tY1GJIpUtFb6CmjVyq2VM3u71bOyR8CRihcCgMUYoDNyLXao3+70Q==}
    engines: {node: '>=6.9.0'}
    dependencies:
      '@babel/highlight': 7.18.6
    dev: true

  /@babel/helper-validator-identifier/7.19.1:
    resolution: {integrity: sha512-awrNfaMtnHUr653GgGEs++LlAvW6w+DcPrOliSMXWCKo597CwL5Acf/wWdNkf/tfEQE3mjkeD1YOVZOUV/od1w==}
    engines: {node: '>=6.9.0'}
    dev: true

  /@babel/highlight/7.18.6:
    resolution: {integrity: sha512-u7stbOuYjaPezCuLj29hNW1v64M2Md2qupEKP1fHc7WdOA3DgLh37suiSrZYY7haUB7iBeQZ9P1uiRF359do3g==}
    engines: {node: '>=6.9.0'}
    dependencies:
      '@babel/helper-validator-identifier': 7.19.1
      chalk: 2.4.2
      js-tokens: 4.0.0
    dev: true

  /@babel/runtime/7.20.13:
    resolution: {integrity: sha512-gt3PKXs0DBoL9xCvOIIZ2NEqAGZqHjAnmVbfQtB620V0uReIQutpel14KcneZuer7UioY8ALKZ7iocavvzTNFA==}
    engines: {node: '>=6.9.0'}
    dependencies:
      regenerator-runtime: 0.13.11
    dev: false

  /@commitlint/cli/17.4.4:
    resolution: {integrity: sha512-HwKlD7CPVMVGTAeFZylVNy14Vm5POVY0WxPkZr7EXLC/os0LH/obs6z4HRvJtH/nHCMYBvUBQhGwnufKfTjd5g==}
    engines: {node: '>=v14'}
    hasBin: true
    dependencies:
      '@commitlint/format': 17.4.4
      '@commitlint/lint': 17.4.4
      '@commitlint/load': 17.4.4
      '@commitlint/read': 17.4.4
      '@commitlint/types': 17.4.4
      execa: 5.1.1
      lodash.isfunction: 3.0.9
      resolve-from: 5.0.0
      resolve-global: 1.0.0
      yargs: 17.5.1
    transitivePeerDependencies:
      - '@swc/core'
      - '@swc/wasm'
    dev: true

  /@commitlint/config-conventional/17.4.4:
    resolution: {integrity: sha512-u6ztvxqzi6NuhrcEDR7a+z0yrh11elY66nRrQIpqsqW6sZmpxYkDLtpRH8jRML+mmxYQ8s4qqF06Q/IQx5aJeQ==}
    engines: {node: '>=v14'}
    dependencies:
      conventional-changelog-conventionalcommits: 5.0.0
    dev: true

  /@commitlint/config-validator/17.4.4:
    resolution: {integrity: sha512-bi0+TstqMiqoBAQDvdEP4AFh0GaKyLFlPPEObgI29utoKEYoPQTvF0EYqIwYYLEoJYhj5GfMIhPHJkTJhagfeg==}
    engines: {node: '>=v14'}
    dependencies:
      '@commitlint/types': 17.4.4
      ajv: 8.12.0
    dev: true

  /@commitlint/ensure/17