lockfileVersion: 5.4

importers:

  .:
    specifiers:
      '@commitlint/config-conventional': ^17.0.2
      '@switchboard-xyz/eslint-config': latest
      commitlint: ^17.4.2
    devDependencies:
      '@commitlint/config-conventional': 17.4.4
      '@switchboard-xyz/eslint-config': 0.1.8
      commitlint: 17.4.4

  javascript/aptos.js:
    specifiers:
      '@switchboard-xyz/common': ^2.1.33
      '@switchboard-xyz/eslint-config': latest
      '@types/big.js': ^6.1.6
      '@types/bn.js': ^5.1.0
      '@types/mocha': ^10.0.1
      '@types/node': ^18.6.4
      '@types/node-fetch': ^2.6.2
      '@types/yargs': ^17.0.11
      aptos: ^1.6.0
      big.js: ^6.2.1
      bn.js: ^5.2.1
      chalk: ^5.0.1
      eslint: ^8.35.0
      gts: ^3.1.1
      js-sha3: ^0.8.0
      mocha: ^10.2.0
      node-fetch: ^2.1.6
      shx: ^0.3.4
      ts-mocha: ^10.0.0
      ts-node: ^10.9.1
      typescript: ^4.7.4
      yaml: ^2.1.1
      yargs: ^17.5.1
    dependencies:
      '@switchboard-xyz/common': 2.1.33
      aptos: 1.6.0
      big.js: 6.2.1
      bn.js: 5.2.1
      chalk: 5.0.1
      js-sha3: 0.8.0
      node-fetch: 2.6.9
    devDependencies:
      '@switchboard-xyz/eslint-config': 0.1.8
      '@types/big.js': 6.1.6
      '@types/bn.js': 5.1.1
      '@types/mocha': 10.0.1
      '@types/node': 18.6.4
      '@types/node-fetch': 2.6.2
      '@types/yargs': 17.0.11
      eslint: 8.35.0
      gts: 3.1.1_typescript@4.7.4
      mocha: 10.2.0
      shx: 0.3.4
      ts-mocha: 10.0.0_mocha@10.2.0
      ts-node: 10.9.1_hn66opzbaneygq52jmwjxha6su
      typescript: 4.7.4
      yaml: 2.2.1
      yargs: 17.5.1

  javascript/example-feed-creation:
    specifiers:
      '@switchboard-xyz/aptos.js': ../aptos.js
      '@types/big.js': ^6.1.6
      '@types/node': ^18.8.2
      aptos: 1.3.14
      big.js: ^6.2.1
      rimraf: ^3.0.2
      ts-node: ^10.9.1
      typescript: ^4.8.4
    dependencies:
      '@switchboard-xyz/aptos.js': link:../aptos.js
      aptos: 1.3.14
      big.js: 6.2.1
    devDependencies:
      '@types/big.js': 6.1.6
      '@types/node': 18.14.6
      rimraf: 3.0.2
      ts-node: 10.9.1_alpjt73dvgv6kni625hu7f2l4m
      typescript: 4.9.5

  javascript/example-infra-feed-creation:
    specifiers:
      '@switchboard-xyz/aptos.js': ../aptos.js
      '@types/big.js': ^6.1.6
      '@types/node': ^18.8.2
      aptos: 1.3.14
      big.js: ^6.2.1
      rimraf: ^3.0.2
      ts-node: ^10.9.1
      typescript: ^4.8.4
    dependencies:
      '@switchboard-xyz/aptos.js': link:../aptos.js
      aptos: 1.3.14
      big.js: 6.2.1
    devDependencies:
      '@types/big.js': 6.1.6
      '@types/node': 18.14.6
      rimraf: 3.0.2
      ts-node: 10.9.1_alpjt73dvgv6kni625hu7f2l4m
      typescript: 4.9.5

packages:

  /@babel/code-frame/7.12.11:
    resolution: {integrity: sha512-Zt1yodBx1UcyiePMSkWnU4hPqhwq7hGi2nFL1LeA3EUl+q2LQx16MISgJ0+z7dnmgvP9QtIleuETGOiOH1RcIw==}
    dependencies:
      '@babel/highlight': 7.18.6
    dev: true

  /@babel/code-frame/7.18.6:
    resolution: {integrity: sha512-TDCmlK5eOvH+eH7cdAFlNXeVJqWIQ7gW9tY1GJIpUtFb6CmjVyq2VM3u71bOyR8CRihcCgMUYoDNyLXao3+70Q==}
    engines: {node: '>=6.9.0'}
    dependencies:
      '@babel/highlight': 7.18.6
    dev: true

  /@babel/helper-validator-identifier/7.19.1:
    resolution: {integrity: sha512-awrNfaMtnHUr653GgGEs++LlAvW6w+DcPrOliSMXWCKo597CwL5Acf/wWdNkf/tfEQE3mjkeD1YOVZOUV/od1w==}
    engines: {node: '>=6.9.0'}
    dev: true

  /@babel/highlight/7.18.6:
    resolution: {integrity: sha512-u7stbOuYjaPezCuLj29hNW1v64M2Md2qupEKP1fHc7WdOA3DgLh37suiSrZYY7haUB7iBeQZ9P1uiRF359do3g==}
    engines: {node: '>=6.9.0'}
    dependencies:
      '@babel/helper-validator-identifier': 7.19.1
      chalk: 2.4.2
      js-tokens: 4.0.0
    dev: true

  /@babel/runtime/7.20.13:
    resolution: {integrity: sha512-gt3PKXs0DBoL9xCvOIIZ2NEqAGZqHjAnmVbfQtB620V0uReIQutpel14KcneZuer7UioY8ALKZ7iocavvzTNFA==}
    engines: {node: '>=6.9.0'}
    dependencies:
      regenerator-runtime: 0.13.11
    dev: false

  /@commitlint/cli/17.4.4:
    resolution: {integrity: sha512-HwKlD7CPVMVGTAeFZylVNy14Vm5POVY0WxPkZr7EXLC/os0LH/obs6z4HRvJtH/nHCMYBvUBQhGwnufKfTjd5g==}
    engines: {node: '>=v14'}
    hasBin: true
    dependencies:
      '@commitlint/format': 17.4.4
      '@commitlint/lint': 17.4.4
      '@commitlint/load': 17.4.4
      '@commitlint/read': 17.4.4
      '@commitlint/types': 17.4.4
      execa: 5.1.1
      lodash.isfunction: 3.0.9
      resolve-from: 5.0.0
      resolve-global: 1.0.0
      yargs: 17.5.1
    transitivePeerDependencies:
      - '@swc/core'
      - '@swc/wasm'
    dev: true

  /@commitlint/config-conventional/17.4.4:
    resolution: {integrity: sha512-u6ztvxqzi6NuhrcEDR7a+z0yrh11elY66nRrQIpqsqW6sZmpxYkDLtpRH8jRML+mmxYQ8s4qqF06Q/IQx5aJeQ==}
    engines: {node: '>=v14'}
    dependencies:
      conventional-changelog-conventionalcommits: 5.0.0
    dev: true

  /@commitlint/config-validator/17.4.4:
    resolution: {integrity: sha512-bi0+TstqMiqoBAQDvdEP4AFh0GaKyLFlPPEObgI29utoKEYoPQTvF0EYqIwYYLEoJYhj5GfMIhPHJkTJhagfeg==}
    engines: {node: '>=v14'}
    dependencies:
      '@commitlint/types': 17.4.4
      ajv: 8.12.0
    dev: true

  /@commitlint/ensure/17.4.4:
    resolution: {integrity: sha512-AHsFCNh8hbhJiuZ2qHv/m59W/GRE9UeOXbkOqxYMNNg9pJ7qELnFcwj5oYpa6vzTSHtPGKf3C2yUFNy1GGHq6g==}
    engines: {node: '>=v14'}
    dependencies:
      '@commitlint/types': 17.4.4
      lodash.camelcase: 4.3.0
      lodash.kebabcase: 4.1.1
      lodash.snakecase: 4.1.1
      lodash.startcase: 4.4.0
      lodash.upperfirst: 4.3.1
    dev: true

  /@commitlint/execute-rule/17.4.0:
    resolution: {integrity: sha512-LIgYXuCSO5Gvtc0t9bebAMSwd68ewzmqLypqI2Kke1rqOqqDbMpYcYfoPfFlv9eyLIh4jocHWwCK5FS7z9icUA==}
    engines: {node: '>=v14'}
    dev: true

  /@commitlint/format/17.4.4:
    resolution: {integrity: sha512-+IS7vpC4Gd/x+uyQPTAt3hXs5NxnkqAZ3aqrHd5Bx/R9skyCAWusNlNbw3InDbAK6j166D9asQM8fnmYIa+CXQ==}
    engines: {node: '>=v14'}
    dependencies:
      '@commitlint/types': 17.4.4
      chalk: 4.1.2
    dev: true

  /@commitlint/is-ignored/17.4.4:
    resolution: {integrity: sha512-Y3eo1SFJ2JQDik4rWkBC4tlRIxlXEFrRWxcyrzb1PUT2k3kZ/XGNuCDfk/u0bU2/yS0tOA/mTjFsV+C4qyACHw==}
    engines: {node: '>=v14'}
    dependencies:
      '@commitlint/types': 17.4.4
      semver: 7.3.8
    dev: true

  /@commitlint/lint/17.4.4:
    resolution: {integrity: sha512-qgkCRRFjyhbMDWsti/5jRYVJkgYZj4r+ZmweZObnbYqPUl5UKLWMf9a/ZZisOI4JfiPmRktYRZ2JmqlSvg+ccw==}
    engines: {node: '>=v14'}
    dependencies:
      '@commitlint/is-ignored': 17.4.4
      '@commitlint/parse': 17.4.4
      '@commitlint/rules': 17.4.4
      '@commitlint/types': 17.4.4
    dev: true

  /@commitlint/load/17.4.4:
    resolution: {integrity: sha512-z6uFIQ7wfKX5FGBe1AkOF4l/ShOQsaa1ml/nLMkbW7R/xF8galGS7Zh0yHvzVp/srtfS0brC+0bUfQfmpMPFVQ==}
    engines: {node: '>=v14'}
    dependencies:
      '@commitlint/config-validator': 17.4.4
      '@commitlint/execute-rule': 17.4.0
      '@commitlint/resolve-extends': 17.4.4
      '@commitlint/types': 17.4.4
      '@types/node': 18.14.6
      chalk: 4.1.2
      cosmiconfig: 8.1.0
      cosmiconfig-typescript-loader: 4.3.0_y2okb5cfqgxv537umje5rj3w6m
      lodash.isplainobject: 4.0.6
      lodash.merge: 4.6.2
      lodash.uniq: 4.5.0
      resolve-from: 5.0.0
      ts-node: 10.9.1_alpjt73dvgv6kni625hu7f2l4m
      typescript: 4.9.5
    transitivePeerDependencies:
      - '@swc/core'
      - '@swc/wasm'
    dev: true

  /@commitlint/message/17.4.2:
    resolution: {integrity: sha512-3XMNbzB+3bhKA1hSAWPCQA3lNxR4zaeQAQcHj0Hx5sVdO6ryXtgUBGGv+1ZCLMgAPRixuc6en+iNAzZ4NzAa8Q==}
    engines: {node: '>=v14'}
    dev: true

  /@commitlint/parse/17.4.4:
    resolution: {integrity: sha512-EKzz4f49d3/OU0Fplog7nwz/lAfXMaDxtriidyGF9PtR+SRbgv4FhsfF310tKxs6EPj8Y+aWWuX3beN5s+yqGg==}
    engines: {node: '>=v14'}
    dependencies:
      '@commitlint/types': 17.4.4
      conventional-changelog-angular: 5.0.13
      conventional-commits-parser: 3.2.4
    dev: true

  /@commitlint/read/17.4.4:
    resolution: {integrity: sha512-B2TvUMJKK+Svzs6eji23WXsRJ8PAD+orI44lVuVNsm5zmI7O8RSGJMvdEZEikiA4Vohfb+HevaPoWZ7PiFZ3zA==}
    engines: {node: '>=v14'}
    dependencies:
      '@commitlint/top-level': 17.4.0
      '@commitlint/types': 17.4.4
      fs-extra: 11.1.0
      git-raw-commits: 2.0.11
      minimist: 1.2.7
    dev: true

  /@commitlint/resolve-extends/17.4.4:
    resolution: {integrity: sha512-znXr1S0Rr8adInptHw0JeLgumS11lWbk5xAWFVno+HUFVN45875kUtqjrI6AppmD3JI+4s0uZlqqlkepjJd99A==}
    engines: {node: '>=v14'}
    dependencies:
      '@commitlint/config-validator': 17.4.4
      '@commitlint/types': 17.4.4
      import-fresh: 3.3.0
      lodash.mergewith: 4.6.2
      resolve-from: 5.0.0
      resolve-global: 1.0.0
    dev: true

  /@commitlint/rules/17.4.4:
    resolution: {integrity: sha512-0tgvXnHi/mVcyR8Y8mjTFZIa/FEQXA4uEutXS/imH2v1UNkYDSEMsK/68wiXRpfW1euSgEdwRkvE1z23+yhNrQ==}
    engines: {node: '>=v14'}
    dependencies:
      '@commitlint/ensure': 17.4.4
      '@commitlint/message': 17.4.2
      '@commitlint/to-lines': 17.4.0
      '@commitlint/types': 17.4.4
      execa: 5.1.1
    dev: true

  /@commitlint/to-lines/17.4.0:
    resolution: {integrity: sha512-LcIy/6ZZolsfwDUWfN1mJ+co09soSuNASfKEU5sCmgFCvX5iHwRYLiIuoqXzOVDYOy7E7IcHilr/KS0e5T+0Hg==}
    engines: {node: '>=v14'}
    dev: true

  /@commitlint/top-level/17.4.0:
    resolution: {integrity: sha512-/1loE/g+dTTQgHnjoCy0AexKAEFyHsR2zRB4NWrZ6lZSMIxAhBJnmCqwao7b4H8888PsfoTBCLBYIw8vGnej8g==}
    engines: {node: '>=v14'}
    dependencies:
      find-up: 5.0.0
    dev: true

  /@commitlint/types/17.4.4:
    resolution: {integrity: sha512-amRN8tRLYOsxRr6mTnGGGvB5EmW/4DDjLMgiwK3CCVEmN6Sr/6xePGEpWaspKkckILuUORCwe6VfDBw6uj4axQ==}
    engines: {node: '>=v14'}
    dependencies:
      chalk: 4.1.2
    dev: true

  /@cspotcode/source-map-support/0.8.1:
    resolution: {integrity: sha512-IchNf6dN4tHoMFIn/7OE8LWZ19Y6q/67Bmf6vnGREv8RSbBVb9LPJxEcnwrcwX6ixSvaiGoomAUvu4YSxXrVgw==}
    engines: {node: '>=12'}
    dependencies:
      '@jridgewell/trace-mapping': 0.3.9
    dev: true

  /@eslint/eslintrc/0.4.3:
    resolution: {integrity: sha512-J6KFFz5QCYUJq3pf0mjEcCJVERbzv71PUIDczuh9JkwGEzced6CO5ADLHB1rbf/+oPBtoPfMYNOpGDzCANlbXw==}
    engines: {node: ^10.12.0 || >=12.0.0}
    dependencies:
      ajv: 6.12.6
      debug: 4.3.4
      espree: 7.3.1
      globals: 13.20.0
      ignore: 4.0.6
      import-fresh: 3.3.0
      js-yaml: 3.14.1
      minimatch: 3.1.2
      strip-json-comments: 3.1.1
    transitivePeerDependencies:
      - supports-color
    dev: true

  /@eslint/eslintrc/2.0.0:
    resolution: {integrity: sha512-fluIaaV+GyV24CCu/ggiHdV+j4RNh85yQnAYS/G2mZODZgGmmlrgCydjUcV3YvxCm9x8nMAfThsqTni4KiXT4A==}
    engines: {node: ^12.22.0 || ^14.17.0 || >=16.0.0}
    dependencies:
      ajv: 6.12.6
      debug: 4.3.4
      espree: 9.4.1
      globals: 13.20.0
      ignore: 5.2.4
      import-fresh: 3.3.0
      js-yaml: 4.1.0
      minimatch: 3.1.2
      strip-json-comments: 3.1.1
    transitivePeerDependencies:
      - supports-color
    dev: true

  /@eslint/js/8.35.0:
    resolution: {integrity: sha512-JXdzbRiWclLVoD8sNUjR443VVlYqiYmDVT6rGUEIEHU5YJW0gaVZwV2xgM7D4arkvASqD0IlLUVjHiFuxaftRw==}
    engines: {node: ^12.22.0 || ^14.17.0 || >=16.0.0}
    dev: true

  /@humanwhocodes/config-array/0.11.8:
    resolution: {integrity: sha512-UybHIJzJnR5Qc/MsD9Kr+RpO2h+/P1GhOwdiLPXK5TWk5sgTdu88bTD9UP+CKbPPh5Rni1u0GjAdYQLemG8g+g==}
    engines: {node: '>=10.10.0'}
    dependencies:
      '@humanwhocodes/object-schema': 1.2.1
      debug: 4.3.4
      minimatch: 3.1.2
    transitivePeerDependencies:
      - supports-color
    dev: true

  /@humanwhocodes/config-array/0.5.0:
    resolution: {int