lockfileVersion: 5.4

importers:

  .:
    specifiers:
      '@commitlint/config-conventional': ^17.0.2
      '@switchboard-xyz/eslint-config': latest
      commitlint: ^17.4.2
    devDependencies:
      '@commitlint/config-conventional': 17.4.4
      '@switchboard-xyz/eslint-config': 0.1.8
      commitlint: 17.4.4

  javascript/aptos.js:
    specifiers:
      '@switchboard-xyz/common': ^2.1.33
      '@switchboard-xyz/eslint-config': latest
      '@types/big.js': ^6.1.6
      '@types/bn.js': ^5.1.0
      '@types/mocha': ^10.0.1
      '@types/node': ^18.6.4
      '@types/node-fetch':